
Microsoft Visual Studio Solution File, Format Version 12.00
# Visual Studio Version 16
VisualStudioVersion = 16.0.31025.194
MinimumVisualStudioVersion = 10.0.40219.1
Project("{FAE04EC0-301F-11D3-BF4B-00C04F79EFBC}") = "ServiceLauncher", "ServiceLauncher.csproj", "{475CEAF5-A34E-49D2-A624-547A4E81A243}"
EndProject
Global
	GlobalSection(SolutionConfigurationPlatforms) = preSolution
		Debug|Any CPU = Debug|Any CPU
		Release|Any CPU = Release|Any CPU
	EndGlobalSection
	GlobalSection(ProjectConfigurationPlatforms) = postSolution
		{475CEAF5-A34E-49D2-A624-547A4E81A243}.Debug|Any CPU.ActiveCfg = Debug|Any CPU
		{475CEAF5-A34E-49D2-A624-547A4E81A243}.Debug|Any CPU.Build.0 = Debug|Any CPU
		{475CEAF5-A34E-49D2-A624-547A4E81A243}.Release|Any CPU.ActiveCfg = Release|Any CPU
		{475CEAF5-A34E-49D2-A624-547A4E81A243}.Release|Any CPU.Build.0 = Release|Any CPU
	EndGlobalSection
	GlobalSection(SolutionProperties) = preSolution
		HideSolutionNode = FALSE
	EndGlobalSection
	GlobalSection(ExtensibilityGlobals) = postSolution
		SolutionGuid = {B51ACBD4-3E19-48F2-B254-CF16DE6F9643}
	EndGlobalSection
EndGlobal
